# This file is automatically @generated by Cargo.
# It is not intended for manual editing.
version = 4

[[package]]
name = "dosoxide"
version = "0.1.0"
source = "git+https://github.com/Davilarek/dosoxide.git?branch=main#a061ff3575335145e877b85cce55e02cce7ce34b"

[[package]]
name = "dosoxide_app"
version = "0.1.0"
dependencies = [
 "dosoxide",
]
